
Microsoft Visual Studio Solution File, Format Version 12.00
# Visual Studio 15
VisualStudioVersion = 15.0.26730.12
MinimumVisualStudioVersion = 10.0.40219.1
Project("{FAE04EC0-301F-11D3-BF4B-00C04F79EFBC}") = "TryParse", "TryParse\TryParse.csproj", "{B08DDF3B-1C1F-4FA5-9A4C-37DAA60F5A82}"
EndProject
Global
	GlobalSection(SolutionConfigurationPlatforms) = preSolution
		Debug|Any CPU = Debug|Any CPU
		Release|Any CPU = Release|Any CPU
	EndGlobalSection
	GlobalSection(ProjectConfigurationPlatforms) = postSolution
		{B08DDF3B-1C1F-4FA5-9A4C-37DAA60F5A82}.Debug|Any CPU.ActiveCfg = Debug|Any CPU
		{B08DDF3B-1C1F-4FA5-9A4C-37DAA60F5A82}.Debug|Any CPU.Build.0 = Debug|Any CPU
		{B08DDF3B-1C1F-4FA5-9A4C-37DAA60F5A82}.Release|Any CPU.ActiveCfg = Release|Any CPU
		{B08DDF3B-1C1F-4FA5-9A4C-37DAA60F5A82}.Release|Any CPU.Build.0 = Release|Any CPU
	EndGlobalSection
	GlobalSection(SolutionProperties) = preSolution
		HideSolutionNode = FALSE
	EndGlobalSection
	GlobalSection(ExtensibilityGlobals) = postSolution
		SolutionGuid = {7A7CAA29-1871-4E0C-9E7B-9F83C2878B1D}
	EndGlobalSection
EndGlobal
